
Microsoft Visual Studio Solution File, Format Version 12.00
# Visual Studio Version 16
VisualStudioVersion = 16.0.29009.5
MinimumVisualStudioVersion = 10.0.40219.1
Project("{FAE04EC0-301F-11D3-BF4B-00C04F79EFBC}") = "ZPI", "ZPI.csproj", "{0F39D4AB-998F-430A-8D15-CEC4A423F3F3}"
EndProject
Project("{FAE04EC0-301F-11D3-BF4B-00C04F79EFBC}") = "Form1Test", "..\Form1Test\Form1Test.csproj", "{94B4D707-4D23-4826-835F-5675DCF61171}"
EndProject
Global
	GlobalSection(SolutionConfigurationPlatforms) = preSolution
		Debug|Any CPU = Debug|Any CPU
		Release|Any CPU = Release|Any CPU
	EndGlobalSection
	GlobalSection(ProjectConfigurationPlatforms) = postSolution
		{0F39D4AB-998F-430A-8D15-CEC4A423F3F3}.Debug|Any CPU.ActiveCfg = Debug|Any CPU
		{0F39D4AB-998F-430A-8D15-CEC4A423F3F3}.Debug|Any CPU.Build.0 = Debug|Any CPU
		{0F39D4AB-998F-430A-8D15-CEC4A423F3F3}.Release|Any CPU.ActiveCfg = Release|Any CPU
		{0F39D4AB-998F-430A-8D15-CEC4A423F3F3}.Release|Any CPU.Build.0 = Release|Any CPU
		{94B4D707-4D23-4826-835F-5675DCF61171}.Debug|Any CPU.ActiveCfg = Debug|Any CPU
		{94B4D707-4D23-4826-835F-5675DCF61171}.Debug|Any CPU.Build.0 = Debug|Any CPU
		{94B4D707-4D23-4826-835F-5675DCF61171}.Release|Any CPU.ActiveCfg = Release|Any CPU
		{94B4D707-4D23-4826-835F-5675DCF61171}.Release|Any CPU.Build.0 = Release|Any CPU
	EndGlobalSection
	GlobalSection(SolutionProperties) = preSolution
		HideSolutionNode = FALSE
	EndGlobalSection
	GlobalSection(ExtensibilityGlobals) = postSolution
		SolutionGuid = {6EB271E5-F5EF-4B68-A79A-CF28A5BE3558}
	EndGlobalSection
EndGlobal
